
Microsoft Visual Studio Solution File, Format Version 12.00
# Visual Studio Version 17
VisualStudioVersion = 17.5.33414.496
MinimumVisualStudioVersion = 10.0.40219.1
Project("{9A19103F-16F7-4668-BE54-9A1E7A4F7556}") = "EmailApi", "EmailApi.csproj", "{537FE8A7-6677-4640-82BA-A20710844AB4}"
EndProject
Global
	GlobalSection(SolutionConfigurationPlatforms) = preSolution
		Debug|Any CPU = Debug|Any CPU
		Release|Any CPU = Release|Any CPU
	EndGlobalSection
	GlobalSection(ProjectConfigurationPlatforms) = postSolution
		{537FE8A7-6677-4640-82BA-A20710844AB4}.Debug|Any CPU.ActiveCfg = Debug|Any CPU
		{537FE8A7-6677-4640-82BA-A20710844AB4}.Debug|Any CPU.Build.0 = Debug|Any CPU
		{537FE8A7-6677-4640-82BA-A20710844AB4}.Release|Any CPU.ActiveCfg = Release|Any CPU
		{537FE8A7-6677-4640-82BA-A20710844AB4}.Release|Any CPU.Build.0 = Release|Any CPU
	EndGlobalSection
	GlobalSection(SolutionProperties) = preSolution
		HideSolutionNode = FALSE
	EndGlobalSection
	GlobalSection(ExtensibilityGlobals) = postSolution
		SolutionGuid = {0AC53545-2433-45B1-A505-8C41BFE21680}
	EndGlobalSection
EndGlobal
